
Microsoft Visual Studio Solution File, Format Version 12.00
# Visual Studio 15
VisualStudioVersion = 15.0.27703.2047
MinimumVisualStudioVersion = 10.0.40219.1
Project("{FAE04EC0-301F-11D3-BF4B-00C04F79EFBC}") = "LibraryMgmt", "Library\LibraryMgmt.csproj", "{1731CC21-D21C-4485-AB51-29AC4BEBE3BF}"
EndProject
Project("{FAE04EC0-301F-11D3-BF4B-00C04F79EFBC}") = "LibraryImplementation", "LibraryImplementation\LibraryImplementation.csproj", "{D25B0EA1-3098-47FE-B37E-369DF7223EA7}"
EndProject
Global
	GlobalSection(SolutionConfigurationPlatforms) = preSolution
		Debug|Any CPU = Debug|Any CPU
		Release|Any CPU = Release|Any CPU
	EndGlobalSection
	GlobalSection(ProjectConfigurationPlatforms) = postSolution
		{1731CC21-D21C-4485-AB51-29AC4BEBE3BF}.Debug|Any CPU.ActiveCfg = Debug|Any CPU
		{1731CC21-D21C-4485-AB51-29AC4BEBE3BF}.Debug|Any CPU.Build.0 = Debug|Any CPU
		{1731CC21-D21C-4485-AB51-29AC4BEBE3BF}.Release|Any CPU.ActiveCfg = Release|Any CPU
		{1731CC21-D21C-4485-AB51-29AC4BEBE3BF}.Release|Any CPU.Build.0 = Release|Any CPU
		{D25B0EA1-3098-47FE-B37E-369DF7223EA7}.Debug|Any CPU.ActiveCfg = Debug|Any CPU
		{D25B0EA1-3098-47FE-B37E-369DF7223EA7}.Debug|Any CPU.Build.0 = Debug|Any CPU
		{D25B0EA1-3098-47FE-B37E-369DF7223EA7}.Release|Any CPU.ActiveCfg = Release|Any CPU
		{D25B0EA1-3098-47FE-B37E-369DF7223EA7}.Release|Any CPU.Build.0 = Release|Any CPU
	EndGlobalSection
	GlobalSection(SolutionProperties) = preSolution
		HideSolutionNode = FALSE
	EndGlobalSection
	GlobalSection(ExtensibilityGlobals) = postSolution
		SolutionGuid = {6B8166D2-0C0E-44DA-B012-E9899DA65EE5}
	EndGlobalSection
EndGlobal
